
Microsoft Visual Studio Solution File, Format Version 12.00
# Visual Studio 15
VisualStudioVersion = 15.0.28010.2046
MinimumVisualStudioVersion = 10.0.40219.1
Project("{FAE04EC0-301F-11D3-BF4B-00C04F79EFBC}") = "SCPSL Server Maker", "SCPSL Server Maker\SCPSL Server Maker.csproj", "{6F795C43-CB7A-40DF-9B09-E847DC71B56A}"
EndProject
Project("{FAE04EC0-301F-11D3-BF4B-00C04F79EFBC}") = "SCPSLSMInstaller", "SCPSLSMInstaller\SCPSLSMInstaller.csproj", "{C5B43E9E-F463-4A6B-B885-3602C036D6DE}"
EndProject
Global
	GlobalSection(SolutionConfigurationPlatforms) = preSolution
		Debug|Any CPU = Debug|Any CPU
		Release|Any CPU = Release|Any CPU
	EndGlobalSection
	GlobalSection(ProjectConfigurationPlatforms) = postSolution
		{6F795C43-CB7A-40DF-9B09-E847DC71B56A}.Debug|Any CPU.ActiveCfg = Debug|Any CPU
		{6F795C43-CB7A-40DF-9B09-E847DC71B56A}.Debug|Any CPU.Build.0 = Debug|Any CPU
		{6F795C43-CB7A-40DF-9B09-E847DC71B56A}.Release|Any CPU.ActiveCfg = Release|Any CPU
		{6F795C43-CB7A-40DF-9B09-E847DC71B56A}.Release|Any CPU.Build.0 = Release|Any CPU
		{C5B43E9E-F463-4A6B-B885-3602C036D6DE}.Debug|Any CPU.ActiveCfg = Debug|Any CPU
		{C5B43E9E-F463-4A6B-B885-3602C036D6DE}.Debug|Any CPU.Build.0 = Debug|Any CPU
		{C5B43E9E-F463-4A6B-B885-3602C036D6DE}.Release|Any CPU.ActiveCfg = Release|Any CPU
		{C5B43E9E-F463-4A6B-B885-3602C036D6DE}.Release|Any CPU.Build.0 = Release|Any CPU
	EndGlobalSection
	GlobalSection(SolutionProperties) = preSolution
		HideSolutionNode = FALSE
	EndGlobalSection
	GlobalSection(ExtensibilityGlobals) = postSolution
		SolutionGuid = {20853575-92AC-4BBF-A651-85BB3603E4A8}
	EndGlobalSection
EndGlobal
